
Microsoft Visual Studio Solution File, Format Version 12.00
# Visual Studio Version 16
VisualStudioVersion = 16.0.32407.337
MinimumVisualStudioVersion = 10.0.40219.1
Project("{FAE04EC0-301F-11D3-BF4B-00C04F79EFBC}") = "Shopping", "Shopping\Shopping.csproj", "{7437D56C-2F07-40F2-AACC-74D142F0E16D}"
EndProject
Global
	GlobalSection(SolutionConfigurationPlatforms) = preSolution
		Debug|Any CPU = Debug|Any CPU
		Release|Any CPU = Release|Any CPU
	EndGlobalSection
	GlobalSection(ProjectConfigurationPlatforms) = postSolution
		{7437D56C-2F07-40F2-AACC-74D142F0E16D}.Debug|Any CPU.ActiveCfg = Debug|Any CPU
		{7437D56C-2F07-40F2-AACC-74D142F0E16D}.Debug|Any CPU.Build.0 = Debug|Any CPU
		{7437D56C-2F07-40F2-AACC-74D142F0E16D}.Release|Any CPU.ActiveCfg = Release|Any CPU
		{7437D56C-2F07-40F2-AACC-74D142F0E16D}.Release|Any CPU.Build.0 = Release|Any CPU
	EndGlobalSection
	GlobalSection(SolutionProperties) = preSolution
		HideSolutionNode = FALSE
	EndGlobalSection
	GlobalSection(ExtensibilityGlobals) = postSolution
		SolutionGuid = {BD474C12-610D-48BB-B21C-385ADD6646F3}
	EndGlobalSection
EndGlobal
